
Microsoft Visual Studio Solution File, Format Version 12.00
# Visual Studio Version 16
VisualStudioVersion = 16.0.32901.82
MinimumVisualStudioVersion = 10.0.40219.1
Project("{FAE04EC0-301F-11D3-BF4B-00C04F79EFBC}") = "LOGIN_FORM_ASP_DOT_NET", "LOGIN_FORM_ASP_DOT_NET.csproj", "{90450DF6-3B4A-4F7F-93D5-EEA7090450F3}"
EndProject
Global
	GlobalSection(SolutionConfigurationPlatforms) = preSolution
		Debug|Any CPU = Debug|Any CPU
		Release|Any CPU = Release|Any CPU
	EndGlobalSection
	GlobalSection(ProjectConfigurationPlatforms) = postSolution
		{90450DF6-3B4A-4F7F-93D5-EEA7090450F3}.Debug|Any CPU.ActiveCfg = Debug|Any CPU
		{90450DF6-3B4A-4F7F-93D5-EEA7090450F3}.Debug|Any CPU.Build.0 = Debug|Any CPU
		{90450DF6-3B4A-4F7F-93D5-EEA7090450F3}.Release|Any CPU.ActiveCfg = Release|Any CPU
		{90450DF6-3B4A-4F7F-93D5-EEA7090450F3}.Release|Any CPU.Build.0 = Release|Any CPU
	EndGlobalSection
	GlobalSection(SolutionProperties) = preSolution
		HideSolutionNode = FALSE
	EndGlobalSection
	GlobalSection(ExtensibilityGlobals) = postSolution
		SolutionGuid = {96E02FF7-B7F0-490F-857A-62613C5EBDB4}
	EndGlobalSection
EndGlobal
